// !$*UTF8*$!
{
	archiveVersion = 1;
	classes = {
	};
	objectVersion = 77;
	objects = {

/* Begin PBXContainerItemProxy section */
		525E55412CA2CD4300B4CDFA /* PBXContainerItemProxy */ = {
			isa = PBXContainerItemProxy;
			containerPortal = 525E55282CA2CD4000B4CDFA /* Project object */;
			proxyType = 1;
			remoteGlobalIDString = 525E552F2CA2CD4000B4CDFA;
			remoteInfo = MeteoDemo;
		};
		525E554B2CA2CD4300B4CDFA /* PBXContainerItemProxy */ = {
			isa = PBXContainerItemProxy;
			containerPortal = 525E55282CA2CD4000B4CDFA /* Project object */;
			proxyType = 1;
			remoteGlobalIDString = 525E552F2CA2CD4000B4CDFA;
			remoteInfo = MeteoDemo;
		};
/* End PBXContainerItemProxy section */

/* Begin PBXFileReference section */
		525E55302CA2CD4000B4CDFA /* MeteoDemo.app */ = {isa = PBXFileReference; explicitFileType = wrapper.application; includeInIndex = 0; path = MeteoDemo.app; sourceTree = BUILT_PRODUCTS_DIR; };
		525E55402CA2CD4200B4CDFA /* MeteoDemoTests.xctest */ = {isa = PBXFileReference; explicitFileType = wrapper.cfbundle; includeInIndex = 0; path = MeteoDemoTests.xctest; sourceTree = BUILT_PRODUCTS_DIR; };
		525E554A2CA2CD4300B4CDFA /* MeteoDemoUITests.xctest */ = {isa = PBXFileReference; explicitFileType = wrapper.cfbundle; includeInIndex = 0; path = MeteoDemoUITests.xctest; sourceTree = BUILT_PRODUCTS_DIR; };
/* End PBXFileReference section */

/* Begin PBXFileSystemSynchronizedRootGroup section */
		525E55322CA2CD4000B4CDFA /* MeteoDemo */ = {
			isa = PBXFileSystemSynchronizedRootGroup;
			path = MeteoDemo;
			sourceTree = "<group>";
		};
		525E55432CA2CD4300B4CDFA /* MeteoDemoTests */ = {
			isa = PBXFileSystemSynchronizedRootGroup;
			path = MeteoDemoTests;
			sourceTree = "<group>";
		};
		525E554D2CA2CD4300B4CDFA /* MeteoDemoUITests */ = {
			isa = PBXFileSystemSynchronizedRootGroup;
			path = MeteoDemoUITests;
			sourceTree = "<group>";
		};
/* End PBXFileSystemSynchronizedRootGroup section */

/* Begin PBXFrameworksBuildPhase section */
		525E552D2CA2CD4000B4CDFA /* Frameworks */ = {
			isa = PBXFrameworksBuildPhase;
			buildActionMask = 2147483647;
			files = (
			);
			runOnlyForDeploymentPostprocessing = 0;
		};
		525E553D2CA2CD4200B4CDFA /* Frameworks */ = {
			isa = PBXFrameworksBuildPhase;
			buildActionMask = 2147483647;
			files = (
			);
			runOnlyForDeploymentPostprocessing = 0;
		};
		525E55472CA2CD4300B4CDFA /* Frameworks */ = {
			isa = PBXFrameworksBuildPhase;
			buildActionMask = 2147483647;
			files = (
			);
			runOnlyForDeploymentPostprocessing = 0;
		};
/* End PBXFrameworksBuildPhase section */

/* Begin PBXGroup section */
		525E55272CA2CD4000B4CDFA = {
			isa = PBXGroup;
			children = (
				525E55322CA2CD4000B4CDFA /* MeteoDemo */,
				525E55432CA2CD4300B4CDFA /* MeteoDemoTests */,
				525E554D2CA2CD4300B4CDFA /* MeteoDemoUITests */,
				525E55312CA2CD4000B4CDFA /* Products */,
			);
			sourceTree = "<group>";
		};
		525E55312CA2CD4000B4CDFA /* Products */ = {
			isa = PBXGroup;
			children = (
				525E55302CA2CD4000B4CDFA /* MeteoDemo.app */,
				525E55402CA2CD4200B4CDFA /* MeteoDemoTests.xctest */,
				525E554A2CA2CD4300B4CDFA /* MeteoDemoUITests.xctest */,
			);
			name = Products;
			sourceTree = "<group>";
		};
/* End PBXGroup section */

/* Begin PBXNativeTarget section */
		525E552F2CA2CD4000B4CDFA /* MeteoDemo */ = {
			isa = PBXNativeTarget;
			buildConfigurationList = 525E55542CA2CD4300B4CDFA /* Build configuration list for PBXNativeTarget "MeteoDemo" */;
			buildPhases = (
				525E552C2CA2CD4000B4CDFA /* Sources */,
				525E552D2CA2CD4000B4CDFA /* Frameworks */,
				525E552E2CA2CD4000B4CDFA /* Resources */,
			);
			buildRules = (
			);
			dependencies = (
			);
			fileSystemSynchronizedGroups = (
				525E55322CA2CD4000B4CDFA /* MeteoDemo */,
			);
			name = MeteoDemo;
			packageProductDependencies = (
			);
			productName = MeteoDemo;
			productReference = 525E55302CA2CD4000B4CDFA /* MeteoDemo.app */;
			productType = "com.apple.product-type.application";
		};
		525E553F2CA2CD4200B4CDFA /* MeteoDemoTests */ = {
			isa = PBXNativeTarget;
			buildConfigurationList = 525E55572CA2CD4300B4CDFA /* Build configuration list for PBXNativeTarget "MeteoDemoTests" */;
			buildPhases = (
				525E553C2CA2CD4200B4CDFA /* Sources */,
				525E553D2CA2CD4200B4CDFA /* Frameworks */,
				525E553E2CA2CD4200B4CDFA /* Resources */,
			);
			buildRules = (
			);
			dependencies = (
				525E55422CA2CD4300B4CDFA /* PBXTargetDependency */,
			);
			fileSystemSynchronizedGroups = (
				525E55432CA2CD4300B4CDFA /* MeteoDemoTests */,
			);
			name = MeteoDemoTests;
			packageProductDependencies = (
			);
			productName = MeteoDemoTests;
			productReference = 525E55402CA2CD4200B4CDFA /* MeteoDemoTests.xctest */;
			productType = "com.apple.product-type.bundle.unit-test";
		};
		525E55492CA2CD4300B4CDFA /* MeteoDemoUITests */ = {
			isa = PBXNativeTarget;
			buildConfigurationList = 525E555A2CA2CD4300B4CDFA /* Build configuration list for PBXNativeTarget "MeteoDemoUITests" */;
			buildPhases = (
				525E55462CA2CD4300B4CDFA /* Sources */,
				525E55472CA2CD4300B4CDFA /* Frameworks */,
				525E55482CA2CD4300B4CDFA /* Resources */,
			);
			buildRules = (
			);
			dependencies = (
				525E554C2CA2CD4300B4CDFA /* PBXTargetDependency */,
			);
			fileSystemSynchronizedGroups = (
				525E554D2CA2CD4300B4CDFA /* MeteoDemoUITests */,
			);
			name = MeteoDemoUITests;
			packageProductDependencies = (
			);
			productName = MeteoDemoUITests;
			productReference = 525E554A2CA2CD4300B4CDFA /* MeteoDemoUITests.xctest */;
			productType = "com.apple.product-type.bundle.ui-testing";
		};
/* End PBXNativeTarget section */

/* Begin PBXProject section */
		525E55282CA2CD4000B4CDFA /* Project object */ = {
			isa = PBXProject;
			attributes = {
				BuildIndependentTargetsInParallel = 1;
				LastSwiftUpdateCheck = 1600;
				LastUpgradeCheck = 1600;
				TargetAttributes = {
					525E552F2CA2CD4000B4CDFA = {
						CreatedOnToolsVersion = 16.0;
					};
					525E553F2CA2CD4200B4CDFA = {
						CreatedOnToolsVersion = 16.0;
						TestTargetID = 525E552F2CA2CD4000B4CDFA;
					};
					525E55492CA2CD4300B4CDFA = {
						CreatedOnToolsVersion = 16.0;
						TestTargetID = 525E552F2CA2CD4000B4CDFA;
					};
				};
			};
			buildConfigurationList = 525E552B2CA2CD4000B4CDFA /* Build configuration list for PBXProject "MeteoDemo" */;
			developmentRegion = en;
			hasScannedForEncodings = 0;
			knownRegions = (
				en,
				Base,
			);
			mainGroup = 525E55272CA2CD4000B4CDFA;
			minimizedProjectReferenceProxies = 1;
			preferredProjectObjectVersion = 77;
			productRefGroup = 525E55312CA2CD4000B4CDFA /* Products */;
			projectDirPath = "";
			projectRoot = "";
			targets = (
				525E552F2CA2CD4000B4CDFA /* MeteoDemo */,
				525E553F2CA2CD4200B4CDFA /* MeteoDemoTests */,
				525E55492CA2CD4300B4CDFA /* MeteoDemoUITests */,
			);
		};
/* End PBXProject section */

/* Begin PBXResourcesBuildPhase section */
		525E552E2CA2CD4000B4CDFA /* Resources */ = {
			isa = PBXResourcesBuildPhase;
			buildActionMask = 2147483647;
			files = (
			);
			runOnlyForDeploymentPostprocessing = 0;
		};
		525E553E2CA2CD4200B4CDFA /* Resources */ = {
			isa = PBXResourcesBuildPhase;
			buildActionMask = 2147483647;
			files = (
			);
			runOnlyForDeploymentPostprocessing = 0;
		};
		525E55482CA2CD4300B4CDFA /* Resources */ = {
			isa = PBXResourcesBuildPhase;
			buildActionMask = 2147483647;
			files = (
			);
			runOnlyForDeploymentPostprocessing = 0;
		};
/* End PBXResourcesBuildPhase section */

/* Begin PBXSourcesBuildPhase section */
		525E552C2CA2CD4000B4CDFA /* Sources */ = {
			isa = PBXSourcesBuildPhase;
			buildActionMask = 2147483647;
			files = (
			);
			runOnlyForDeploymentPostprocessing = 0;
		};
		525E553C2CA2CD4200B4CDFA /* Sources */ = {
			isa = PBXSourcesBuildPhase;
			buildActionMask = 2147483647;
			files = (
			);
			runOnlyForDeploymentPostprocessing = 0;
		};
		525E55462CA2CD4300B4CDFA /* Sources */ = {
			isa = PBXSourcesBuildPhase;
			buildActionMask = 2147483647;
			files = (
			);
			runOnlyForDeploymentPostprocessing = 0;
		};
/* End PBXSourcesBuildPhase section */

/* Begin PBXTargetDependency section */
		525E55422CA2CD4300B4CDFA /* PBXTargetDependency */ = {
			isa = PBXTargetDependency;
			target = 525E552F2CA2CD4000B4CDFA /* MeteoDemo */;
			targetProxy = 525E55412CA2CD4300B4CDFA /* PBXContainerItemProxy */;
		};
		525E554C2CA2CD4300B4CDFA /* PBXTargetDependency */ = {
			isa = PBXTargetDependency;
			target = 525E552F2CA2CD4000B4CDFA /* MeteoDemo */;
			targetProxy = 525E554B2CA2CD4300B4CDFA /* PBXContainerItemProxy */;
		};
/* End PBXTargetDependency section */

/* Begin XCBuildConfiguration section */
		525E55522CA2CD4300B4CDFA /* Debug */ = {
			isa = XCBuildConfiguration;
			buildSettings = {
				ALWAYS_SEARCH_USER_PATHS = NO;
				ASSETCATALOG_COMPILER_GENERATE_SWIFT_ASSET_SYMBOL_EXTENSIONS = YES;
				CLANG_ANALYZER_NONNULL = YES;
				CLANG_ANALYZER_NUMBER_OBJECT_CONVERSION = YES_AGGRESSIVE;
				CLANG_CXX_LANGUAGE_STANDARD = "gnu++20";
				CLANG_ENABLE_MODULES = YES;
				CLANG_ENABLE_OBJC_ARC = YES;
				CLANG_ENABLE_OBJC_WEAK = YES;
				CLANG_WARN_BLOCK_CAPTURE_AUTORELEASING = YES;
				CLANG_WARN_BOOL_CONVERSION = YES;
				CLANG_WARN_COMMA = YES;
				CLANG_WARN_CONSTANT_CONVERSION = YES;
				CLANG_WARN_DEPRECATED_OBJC_IMPLEMENTATIONS = YES;
				CLANG_WARN_DIRECT_OBJC_ISA_USAGE = YES_ERROR;
				CLANG_WARN_DOCUMENTATION_COMMENTS = YES;
				CLANG_WARN_EMPTY_BODY = YES;
				CLANG_WARN_ENUM_CONVERSION = YES;
				CLANG_WARN_INFINITE_RECURSION = YES;
				CLANG_WARN_INT_CONVERSION = YES;
				CLANG_WARN_NON_LITERAL_NULL_CONVERSION = YES;
				CLANG_WARN_OBJC_IMPLICIT_RETAIN_SELF = YES;
				CLANG_WARN_OBJC_LITERAL_CONVERSION = YES;
				CLANG_WARN_OBJC_ROOT_CLASS = YES_ERROR;
				CLANG_WARN_QUOTED_INCLUDE_IN_FRAMEWORK_HEADER = YES;
				CLANG_WARN_RANGE_LOOP_ANALYSIS = YES;
				CLANG_WARN_STRICT_PROTOTYPES = YES;
				CLANG_WARN_SUSPICIOUS_MOVE = YES;
				CLANG_WARN_UNGUARDED_AVAILABILITY = YES_AGGRESSIVE;
				CLANG_WARN_UNREACHABLE_CODE = YES;
				CLANG_WARN__DUPLICATE_METHOD_MATCH = YES;
				COPY_PHASE_STRIP = NO;
				DEBUG_INFORMATION_FORMAT = dwarf;
				ENABLE_STRICT_OBJC_MSGSEND = YES;
				ENABLE_TESTABILITY = YES;
				ENABLE_USER_SCRIPT_SANDBOXING = YES;
				GCC_C_LANGUAGE_STANDARD = gnu17;
				GCC_DYNAMIC_NO_PIC = NO;
				GCC_NO_COMMON_BLOCKS = YES;
				GCC_OPTIMIZATION_LEVEL = 0;
				GCC_PREPROCESSOR_DEFINITIONS = (
					"DEBUG=1",
					"$(inherited)",
				);
				GCC_WARN_64_TO_32_BIT_CONVERSION = YES;
				GCC_WARN_ABOUT_RETURN_TYPE = YES_ERROR;
				GCC_WARN_UNDECLARED_SELECTOR = YES;
				GCC_WARN_UNINITIALIZED_AUTOS = YES_AGGRESSIVE;
				GCC_WARN_UNUSED_FUNCTION = YES;
				GCC_WARN_UNUSED_VARIABLE = YES;
				IPHONEOS_DEPLOYMENT_TARGET = 18.0;
				LOCALIZATION_PREFERS_STRING_CATALOGS = YES;
				MTL_ENABLE_DEBUG_INFO = INCLUDE_SOURCE;
				MTL_FAST_MATH = YES;
				ONLY_ACTIVE_ARCH = YES;
				SDKROOT = iphoneos;
				SWIFT_ACTIVE_COMPILATION_CONDITIONS = "DEBUG $(inherited)";
				SWIFT_OPTIMIZATION_LEVEL = "-Onone";
			};
			name = Debug;
		};
		525E55532CA2CD4300B4CDFA /* Release */ = {
			isa = XCBuildConfiguration;
			buildSettings = {
				ALWAYS_SEARCH_USER_PATHS = NO;
				ASSETCATALOG_COMPILER_GENERATE_SWIFT_ASSET_SYMBOL_EXTENSIONS = YES;
				CLANG_ANALYZER_NONNULL = YES;
				CLANG_ANALYZER_NUMBER_OBJECT_CONVERSION = YES_AGGRESSIVE;
				CLANG_CXX_LANGUAGE_STANDARD = "gnu++20";
				CLANG_ENABLE_MODULES = YES;
				CLANG_ENABLE_OBJC_ARC = YES;
				CLANG_ENABLE_OBJC_WEAK = YES;
				CLANG_WARN_BLOCK_CAPTURE_AUTORELEASING = YES;
				CLANG_WARN_BOOL_CONVERSION = YES;
				CLANG_WARN_COMMA = YES;
				CLANG_WARN_CONSTANT_CONVERSION = YES;
				CLANG_WARN_DEPRECATED_OBJC_IMPLEMENTATIONS = YES;
				CLANG_WARN_DIRECT_OBJC_ISA_USAGE = YES_ERROR;
				CLANG_WARN_DOCUMENTATION_COMMENTS = YES;
				CLANG_WARN_EMPTY_BODY = YES;
				CLANG_WARN_ENUM_CONVERSION = YES;
				CLANG_WARN_INFINITE_RECURSION = YES;
				CLANG_WARN_INT_CONVERSION = YES;
				CLANG_WARN_NON_LITERAL_NULL_CONVERSION = YES;
				CLANG_WARN_OBJC_IMPLICIT_RETAIN_SELF = YES;
				CLANG_WARN_OBJC_LITERAL_CONVERSION = YES;
				CLANG_WARN_OBJC_ROOT_CLASS = YES_ERROR;
				CLANG_WARN_QUOTED_INCLUDE_IN_FRAMEWORK_HEADER = YES;
				CLANG_WARN_RANGE_LOOP_ANALYSIS = YES;
				CLANG_WARN_STRICT_PROTOTYPES = YES;
				CLANG_WARN_SUSPICIOUS_MOVE = YES;
				CLANG_WARN_UNGUARDED_AVAILABILITY = YES_AGGRESSIVE;
				CLANG_WARN_UNREACHABLE_CODE = YES;
				CLANG_WARN__DUPLICATE_METHOD_MATCH = YES;
				COPY_PHASE_STRIP = NO;
				DEBUG_INFORMATION_FORMAT = "dwarf-with-dsym";
				ENABLE_NS_ASSERTIONS = NO;
				ENABLE_STRICT_OBJC_MSGSEND = YES;
				ENABLE_USER_SCRIPT_SANDBOXING = YES;
				GCC_C_LANGUAGE_STANDARD = gnu17;
				GCC_NO_COMMON_BLOCKS = YES;
				GCC_WARN_64_TO_32_BIT_CONVERSION = YES;
				GCC_WARN_ABOUT_RETURN_TYPE = YES_ERROR;
				GCC_WARN_UNDECLARED_SELECTOR = YES;
				GCC_WARN_UNINITIALIZED_AUTOS = YES_AGGRESSIVE;
				GCC_WARN_UNUSED_FUNCTION = YES;
				GCC_WARN_UNUSED_VARIABLE = YES;
				IPHONEOS_DEPLOYMENT_TARGET = 18.0;
				LOCALIZATION_PREFERS_STRING_CATALOGS = YES;
				MTL_ENABLE_DEBUG_INFO = NO;
				MTL_FAST_MATH = YES;
				SDKROOT = iphoneos;
				SWIFT_COMPILATION_MODE = wholemodule;
				VALIDATE_PRODUCT = YES;
			};
			name = Release;
		};
		525E55552CA2CD4300B4CDFA /* Debug */ = {
			isa = XCBuildConfiguration;
			buildSettings = {
				ASSETCATALOG_COMPILER_APPICON_NAME = AppIcon;
				ASSETCATALOG_COMPILER_GLOBAL_ACCENT_COLOR_NAME = AccentColor;
				CODE_SIGN_STYLE = Automatic;
				CURRENT_PROJECT_VERSION = 2;
				DEVELOPMENT_ASSET_PATHS = "\"MeteoDemo/Preview Content\"";
				DEVELOPMENT_TEAM = 66S864LM9U;
				ENABLE_PREVIEWS = YES;
				GENERATE_INFOPLIST_FILE = YES;
				INFOPLIST_KEY_CFBundleDisplayName = MeteoDemo;
				INFOPLIST_KEY_LSApplicationCategoryType = "public.app-category.utilities";
				INFOPLIST_KEY_UIApplicationSceneManifest_Generation = YES;
				INFOPLIST_KEY_UIApplicationSupportsIndirectInputEvents = YES;
				INFOPLIST_KEY_UILaunchScreen_Generation = YES;
				INFOPLIST_KEY_UISupportedInterfaceOrientations_iPad = "UIInterfaceOrientationPortrait UIInterfaceOrientationPortraitUpsideDown UIInterfaceOrientationLandscapeLeft UIInterfaceOrientationLandscapeRight";
				INFOPLIST_KEY_UISupportedInterfaceOrientations_iPhone = "UIInterfaceOrientationPortrait UIInterfaceOrientationLandscapeLeft UIInterfaceOrientationLandscapeRight";
				LD_RUNPATH_SEARCH_PATHS = (
					"$(inherited)",
					"@executable_path/Frameworks",
				);
				MARKETING_VERSION = 1.0;
				PRODUCT_BUNDLE_IDENTIFIER = io.designcode.MeteoDemo;
				PRODUCT_NAME = "$(TARGET_NAME)";
				SWIFT_EMIT_LOC_STRINGS = YES;
				SWIFT_VERSION = 5.0;
				TARGETED_DEVICE_FAMILY = "1,2";
			};
			name = Debug;
		};
		525E55562CA2CD4300B4CDFA /* Release */ = {
			isa = XCBuildConfiguration;
			buildSettings = {
				ASSETCATALOG_COMPILER_APPICON_NAME = AppIcon;
				ASSETCATALOG_COMPILER_GLOBAL_ACCENT_COLOR_NAME = AccentColor;
				CODE_SIGN_STYLE = Automatic;
				CURRENT_PROJECT_VERSION = 2;
				DEVELOPMENT_ASSET_PATHS = "\"MeteoDemo/Preview Content\"";
				DEVELOPMENT_TEAM = 66S864LM9U;
				ENABLE_PREVIEWS = YES;
				GENERATE_INFOPLIST_FILE = YES;
				INFOPLIST_KEY_CFBundleDisplayName = MeteoDemo;
				INFOPLIST_KEY_LSApplicationCategoryType = "public.app-category.utilities";
				INFOPLIST_KEY_UIApplicationSceneManifest_Generation = YES;
				INFOPLIST_KEY_UIApplicationSupportsIndirectInputEvents = YES;
				INFOPLIST_KEY_UILaunchScreen_Generation = YES;
				INFOPLIST_KEY_UISupportedInterfaceOrientations_iPad = "UIInterfaceOrientationPortrait UIInterfaceOrientationPortraitUpsideDown UIInterfaceOrientationLandscapeLeft UIInterfaceOrientationLandscapeRight";
				INFOPLIST_KEY_UISupportedInterfaceOrientations_iPhone = "UIInterfaceOrientationPortrait UIInterfaceOrientationLandscapeLeft UIInterfaceOrientationLandscapeRight";
				LD_RUNPATH_SEARCH_PATHS = (
					"$(inherited)",
					"@executable_path/Frameworks",
				);
				MARKETING_VERSION = 1.0;
				PRODUCT_BUNDLE_IDENTIFIER = io.designcode.MeteoDemo;
				PRODUCT_NAME = "$(TARGET_NAME)";
				SWIFT_EMIT_LOC_STRINGS = YES;
				SWIFT_VERSION = 5.0;
				TARGETED_DEVICE_FAMILY = "1,2";
			};
			name = Release;
		};
		525E55582CA2CD4300B4CDFA /* Debug */ = {
			isa = XCBuildConfiguration;
			buildSettings = {
				BUNDLE_LOADER = "$(TEST_HOST)";
				CODE_SIGN_STYLE = Automatic;
				CURRENT_PROJECT_VERSION = 1;
				GENERATE_INFOPLIST_FILE = YES;
				IPHONEOS_DEPLOYMENT_TARGET = 18.0;
				MARKETING_VERSION = 1.0;
				PRODUCT_BUNDLE_IDENTIFIER = io.designcode.MeteoDemoTests;
				PRODUCT_NAME = "$(TARGET_NAME)";
				SWIFT_EMIT_LOC_STRINGS = NO;
				SWIFT_VERSION = 5.0;
				TARGETED_DEVICE_FAMILY = "1,2";
				TEST_HOST = "$(BUILT_PRODUCTS_DIR)/MeteoDemo.app/$(BUNDLE_EXECUTABLE_FOLDER_PATH)/MeteoDemo";
			};
			name = Debug;
		};
		525E55592CA2CD4300B4CDFA /* Release */ = {
			isa = XCBuildConfiguration;
			buildSettings = {
				BUNDLE_LOADER = "$(TEST_HOST)";
				CODE_SIGN_STYLE = Automatic;
				CURRENT_PROJECT_VERSION = 1;
				GENERATE_INFOPLIST_FILE = YES;
				IPHONEOS_DEPLOYMENT_TARGET = 18.0;
				MARKETING_VERSION = 1.0;
				PRODUCT_BUNDLE_IDENTIFIER = io.designcode.MeteoDemoTests;
				PRODUCT_NAME = "$(TARGET_NAME)";
				SWIFT_EMIT_LOC_STRINGS = NO;
				SWIFT_VERSION = 5.0;
				TARGETED_DEVICE_FAMILY = "1,2";
				TEST_HOST = "$(BUILT_PRODUCTS_DIR)/MeteoDemo.app/$(BUNDLE_EXECUTABLE_FOLDER_PATH)/MeteoDemo";
			};
			name = Release;
		};
		525E555B2CA2CD4300B4CDFA /* Debug */ = {
			isa = XCBuildConfiguration;
			buildSettings = {
				CODE_SIGN_STYLE = Automatic;
				CURRENT_PROJECT_VERSION = 1;
				GENERATE_INFOPLIST_FILE = YES;
				MARKETING_VERSION = 1.0;
				PRODUCT_BUNDLE_IDENTIFIER = io.designcode.MeteoDemoUITests;
				PRODUCT_NAME = "$(TARGET_NAME)";
				SWIFT_EMIT_LOC_STRINGS = NO;
				SWIFT_VERSION = 5.0;
				TARGETED_DEVICE_FAMILY = "1,2";
				TEST_TARGET_NAME = MeteoDemo;
			};
			name = Debug;
		};
		525E555C2CA2CD4300B4CDFA /* Release */ = {
			isa = XCBuildConfiguration;
			buildSettings = {
				CODE_SIGN_STYLE = Automatic;
				CURRENT_PROJECT_VERSION = 1;
				GENERATE_INFOPLIST_FILE = YES;
				MARKETING_VERSION = 1.0;
				PRODUCT_BUNDLE_IDENTIFIER = io.designcode.MeteoDemoUITests;
				PRODUCT_NAME = "$(TARGET_NAME)";
				SWIFT_EMIT_LOC_STRINGS = NO;
				SWIFT_VERSION = 5.0;
				TARGETED_DEVICE_FAMILY = "1,2";
				TEST_TARGET_NAME = MeteoDemo;
			};
			name = Release;
		};
/* End XCBuildConfiguration section */

/* Begin XCConfigurationList section */
		525E552B2CA2CD4000B4CDFA /* Build configuration list for PBXProject "MeteoDemo" */ = {
			isa = XCConfigurationList;
			buildConfigurations = (
				525E55522CA2CD4300B4CDFA /* Debug */,
				525E55532CA2CD4300B4CDFA /* Release */,
			);
			defaultConfigurationIsVisible = 0;
			defaultConfigurationName = Release;
		};
		525E55542CA2CD4300B4CDFA /* Build configuration list for PBXNativeTarget "MeteoDemo" */ = {
			isa = XCConfigurationList;
			buildConfigurations = (
				525E55552CA2CD4300B4CDFA /* Debug */,
				525E55562CA2CD4300B4CDFA /* Release */,
			);
			defaultConfigurationIsVisible = 0;
			defaultConfigurationName = Release;
		};
		525E55572CA2CD4300B4CDFA /* Build configuration list for PBXNativeTarget "MeteoDemoTests" */ = {
			isa = XCConfigurationList;
			buildConfigurations = (
				525E55582CA2CD4300B4CDFA /* Debug */,
				525E55592CA2CD4300B4CDFA /* Release */,
			);
			defaultConfigurationIsVisible = 0;
			defaultConfigurationName = Release;
		};
		525E555A2CA2CD4300B4CDFA /* Build configuration list for PBXNativeTarget "MeteoDemoUITests" */ = {
			isa = XCConfigurationList;
			buildConfigurations = (
				525E555B2CA2CD4300B4CDFA /* Debug */,
				525E555C2CA2CD4300B4CDFA /* Release */,
			);
			defaultConfigurationIsVisible = 0;
			defaultConfigurationName = Release;
		};
/* End XCConfigurationList section */
	};
	rootObject = 525E55282CA2CD4000B4CDFA /* Project object */;
}
